// !$*UTF8*$!
{
	archiveVersion = 1;
	classes = {
	};
	objectVersion = 46;
	objects = {

/* Begin PBXBuildFile section */
		08BD62141B52B1A00004E704 /* example.cpp in Sources */ = {isa = PBXBuildFile; fileRef = 08BD62131B52B1A00004E704 /* example.cpp */; };
		08F35A991B414E2B00EB7A72 /* tinyply.cpp in Sources */ = {isa = PBXBuildFile; fileRef = 08F35A951B414E2B00EB7A72 /* tinyply.cpp */; };
/* End PBXBuildFile section */

/* Begin PBXCopyFilesBuildPhase section */
		08F35A801B414DED00EB7A72 /* CopyFiles */ = {
			isa = PBXCopyFilesBuildPhase;
			buildActionMask = 2147483647;
			dstPath = /usr/share/man/man1/;
			dstSubfolderSpec = 0;
			files = (
			);
			runOnlyForDeploymentPostprocessing = 1;
		};
/* End PBXCopyFilesBuildPhase section */

/* Begin PBXFileReference section */
		08BD62131B52B1A00004E704 /* example.cpp */ = {isa = PBXFileReference; fileEncoding = 4; lastKnownFileType = sourcecode.cpp.cpp; path = example.cpp; sourceTree = "<group>"; };
		08F35A821B414DED00EB7A72 /* tinyply */ = {isa = PBXFileReference; explicitFileType = "compiled.mach-o.executable"; includeInIndex = 0; path = tinyply; sourceTree = BUILT_PRODUCTS_DIR; };
		08F35A951B414E2B00EB7A72 /* tinyply.cpp */ = {isa = PBXFileReference; fileEncoding = 4; lastKnownFileType = sourcecode.cpp.cpp; path = tinyply.cpp; sourceTree = "<group>"; };
		08F35A961B414E2B00EB7A72 /* tinyply.h */ = {isa = PBXFileReference; fileEncoding = 4; lastKnownFileType = sourcecode.c.h; path = tinyply.h; sourceTree = "<group>"; };
/* End PBXFileReference section */

/* Begin PBXFrameworksBuildPhase section */
		08F35A7F1B414DED00EB7A72 /* Frameworks */ = {
			isa = PBXFrameworksBuildPhase;
			buildActionMask = 2147483647;
			files = (
			);
			runOnlyForDeploymentPostprocessing = 0;
		};
/* End PBXFrameworksBuildPhase section */

/* Begin PBXGroup section */
		08BD62151B52B1AA0004E704 /* tinyply */ = {
			isa = PBXGroup;
			children = (
				08F35A951B414E2B00EB7A72 /* tinyply.cpp */,
				08F35A961B414E2B00EB7A72 /* tinyply.h */,
			);
			name = tinyply;
			sourceTree = "<group>";
		};
		08F35A791B414DED00EB7A72 = {
			isa = PBXGroup;
			children = (
				08F35A8D1B414E2B00EB7A72 /* source */,
				08F35A831B414DED00EB7A72 /* Products */,
			);
			sourceTree = "<group>";
		};
		08F35A831B414DED00EB7A72 /* Products */ = {
			isa = PBXGroup;
			children = (
				08F35A821B414DED00EB7A72 /* tinyply */,
			);
			name = Products;
			sourceTree = "<group>";
		};
		08F35A8D1B414E2B00EB7A72 /* source */ = {
			isa = PBXGroup;
			children = (
				08BD62131B52B1A00004E704 /* example.cpp */,
				08BD62151B52B1AA0004E704 /* tinyply */,
			);
			path = source;
			sourceTree = "<group>";
		};
/* End PBXGroup section */

/* Begin PBXNativeTarget section */
		08F35A811B414DED00EB7A72 /* tinyply */ = {
			isa = PBXNativeTarget;
			buildConfigurationList = 08F35A891B414DED00EB7A72 /* Build configuration list for PBXNativeTarget "tinyply" */;
			buildPhases = (
				08F35A7E1B414DED00EB7A72 /* Sources */,
				08F35A7F1B414DED00EB7A72 /* Frameworks */,
				08F35A801B414DED00EB7A72 /* CopyFiles */,
			);
			buildRules = (
			);
			dependencies = (
			);
			name = tinyply;
			productName = tinyply;
			productReference = 08F35A821B414DED00EB7A72 /* tinyply */;
			productType = "com.apple.product-type.tool";
		};
/* End PBXNativeTarget section */

/* Begin PBXProject section */
		08F35A7A1B414DED00EB7A72 /* Project object */ = {
			isa = PBXProject;
			attributes = {
				LastUpgradeCheck = 0620;
				ORGANIZATIONNAME = "Dimitri Diakopoulos";
				TargetAttributes = {
					08F35A811B414DED00EB7A72 = {
						CreatedOnToolsVersion = 6.2;
					};
				};
			};
			buildConfigurationList = 08F35A7D1B414DED00EB7A72 /* Build configuration list for PBXProject "tinyply" */;
			compatibilityVersion = "Xcode 3.2";
			developmentRegion = English;
			hasScannedForEncodings = 0;
			knownRegions = (
				en,
			);
			mainGroup = 08F35A791B414DED00EB7A72;
			productRefGroup = 08F35A831B414DED00EB7A72 /* Products */;
			projectDirPath = "";
			projectRoot = "";
			targets = (
				08F35A811B414DED00EB7A72 /* tinyply */,
			);
		};
/* End PBXProject section */

/* Begin PBXSourcesBuildPhase section */
		08F35A7E1B414DED00EB7A72 /* Sources */ = {
			isa = PBXSourcesBuildPhase;
			buildActionMask = 2147483647;
			files = (
				08F35A991B414E2B00EB7A72 /* tinyply.cpp in Sources */,
				08BD62141B52B1A00004E704 /* example.cpp in Sources */,
			);
			runOnlyForDeploymentPostprocessing = 0;
		};
/* End PBXSourcesBuildPhase section */

/* Begin XCBuildConfiguration section */
		08F35A871B414DED00EB7A72 /* Debug */ = {
			isa = XCBuildConfiguration;
			buildSettings = {
				ALWAYS_SEARCH_USER_PATHS = NO;
				CLANG_CXX_LANGUAGE_STANDARD = "gnu++0x";
				CLANG_CXX_LIBRARY = "libc++";
				CLANG_ENABLE_MODULES = YES;
				CLANG_ENABLE_OBJC_ARC = YES;
				CLANG_WARN_BOOL_CONVERSION = YES;
				CLANG_WARN_CONSTANT_CONVERSION = YES;
				CLANG_WARN_DIRECT_OBJC_ISA_USAGE = YES_ERROR;
				CLANG_WARN_EMPTY_BODY = YES;
				CLANG_WARN_ENUM_CONVERSION = YES;
				CLANG_WARN_INT_CONVERSION = YES;
				CLANG_WARN_OBJC_ROOT_CLASS = YES_ERROR;
				CLANG_WARN_UNREACHABLE_CODE = YES;
				CLANG_WARN__DUPLICATE_METHOD_MATCH = YES;
				COPY_PHASE_STRIP = NO;
				ENABLE_STRICT_OBJC_MSGSEND = YES;
				GCC_C_LANGUAGE_STANDARD = gnu99;
				GCC_DYNAMIC_NO_PIC = NO;
				GCC_OPTIMIZATION_LEVEL = 0;
				GCC_PREPROCESSOR_DEFINITIONS = (
					"DEBUG=1",
					"$(inherited)",
				);
				GCC_SYMBOLS_PRIVATE_EXTERN = NO;
				GCC_WARN_64_TO_32_BIT_CONVERSION = YES;
				GCC_WARN_ABOUT_RETURN_TYPE = YES_ERROR;
				GCC_WARN_UNDECLARED_SELECTOR = YES;
				GCC_WARN_UNINITIALIZED_AUTOS = YES_AGGRESSIVE;
				GCC_WARN_UNUSED_FUNCTION = YES;
				GCC_WARN_UNUSED_VARIABLE = YES;
				MACOSX_DEPLOYMENT_TARGET = 10.10;
				MTL_ENABLE_DEBUG_INFO = YES;
				ONLY_ACTIVE_ARCH = YES;
				SDKROOT = macosx;
			};
			name = Debug;
		};
		08F35A881B414DED00EB7A72 /* Release */ = {
			isa = XCBuildConfiguration;
			buildSettings = {
				ALWAYS_SEARCH_USER_PATHS = NO;
				CLANG_CXX_LANGUAGE_STANDARD = "gnu++0x";
				CLANG_CXX_LIBRARY = "libc++";
				CLANG_ENABLE_MODULES = YES;
				CLANG_ENABLE_OBJC_ARC = YES;
				CLANG_WARN_BOOL_CONVERSION = YES;
				CLANG_WARN_CONSTANT_CONVERSION = YES;
				CLANG_WARN_DIRECT_OBJC_ISA_USAGE = YES_ERROR;
				CLANG_WARN_EMPTY_BODY = YES;
				CLANG_WARN_ENUM_CONVERSION = YES;
				CLANG_WARN_INT_CONVERSION = YES;
				CLANG_WARN_OBJC_ROOT_CLASS = YES_ERROR;
				CLANG_WARN_UNREACHABLE_CODE = YES;
				CLANG_WARN__DUPLICATE_METHOD_MATCH = YES;
				COPY_PHASE_STRIP = NO;
				DEBUG_INFORMATION_FORMAT = "dwarf-with-dsym";
				ENABLE_NS_ASSERTIONS = NO;
				ENABLE_STRICT_OBJC_MSGSEND = YES;
				GCC_C_LANGUAGE_STANDARD = gnu99;
				GCC_WARN_64_TO_32_BIT_CONVERSION = YES;
				GCC_WARN_ABOUT_RETURN_TYPE = YES_ERROR;
				GCC_WARN_UNDECLARED_SELECTOR = YES;
				GCC_WARN_UNINITIALIZED_AUTOS = YES_AGGRESSIVE;
				GCC_WARN_UNUSED_FUNCTION = YES;
				GCC_WARN_UNUSED_VARIABLE = YES;
				MACOSX_DEPLOYMENT_TARGET = 10.10;
				MTL_ENABLE_DEBUG_INFO = NO;
				SDKROOT = macosx;
			};
			name = Release;
		};
		08F35A8A1B414DED00EB7A72 /* Debug */ = {
			isa = XCBuildConfiguration;
			buildSettings = {
				PRODUCT_NAME = "$(TARGET_NAME)";
			};
			name = Debug;
		};
		08F35A8B1B414DED00EB7A72 /* Release */ = {
			isa = XCBuildConfiguration;
			buildSettings = {
				PRODUCT_NAME = "$(TARGET_NAME)";
			};
			name = Release;
		};
/* End XCBuildConfiguration section */

/* Begin XCConfigurationList section */
		08F35A7D1B414DED00EB7A72 /* Build configuration list for PBXProject "tinyply" */ = {
			isa = XCConfigurationList;
			buildConfigurations = (
				08F35A871B414DED00EB7A72 /* Debug */,
				08F35A881B414DED00EB7A72 /* Release */,
			);
			defaultConfigurationIsVisible = 0;
			defaultConfigurationName = Release;
		};
		08F35A891B414DED00EB7A72 /* Build configuration list for PBXNativeTarget "tinyply" */ = {
			isa = XCConfigurationList;
			buildConfigurations = (
				08F35A8A1B414DED00EB7A72 /* Debug */,
				08F35A8B1B414DED00EB7A72 /* Release */,
			);
			defaultConfigurationIsVisible = 0;
			defaultConfigurationName = Release;
		};
/* End XCConfigurationList section */
	};
	rootObject = 08F35A7A1B414DED00EB7A72 /* Project object */;
}
